
Microsoft Visual Studio Solution File, Format Version 12.00
# Visual Studio 15
VisualStudioVersion = 15.0.26430.12
MinimumVisualStudioVersion = 10.0.40219.1
Project("{FAE04EC0-301F-11D3-BF4B-00C04F79EFBC}") = "laba1", "laba1\laba1.csproj", "{DF102238-DD9C-4EBB-A70C-35F46AA3E6BD}"
EndProject
Project("{FAE04EC0-301F-11D3-BF4B-00C04F79EFBC}") = "laba6", "laba6\laba6.csproj", "{2B1F451E-B96F-47E6-8FC5-982F368D0188}"
EndProject
Project("{FAE04EC0-301F-11D3-BF4B-00C04F79EFBC}") = "Test", "Test\Test.csproj", "{01C6CEA3-A29E-4F91-B248-2F34AF836AC6}"
EndProject
Project("{FAE04EC0-301F-11D3-BF4B-00C04F79EFBC}") = "laba7", "laba7\laba7.csproj", "{D4B2E973-E7F5-402D-B35A-3C1EE34C5163}"
EndProject
Project("{FAE04EC0-301F-11D3-BF4B-00C04F79EFBC}") = "laba3", "laba3\laba3.csproj", "{D91A4972-0298-4099-8EE4-E23FF3BD86BB}"
EndProject
Project("{FAE04EC0-301F-11D3-BF4B-00C04F79EFBC}") = "laba5", "laba5\laba5.csproj", "{54E96A27-2A22-4897-A04A-194F8DB36ECF}"
EndProject
Global
	GlobalSection(SolutionConfigurationPlatforms) = preSolution
		Debug|Any CPU = Debug|Any CPU
		Release|Any CPU = Release|Any CPU
	EndGlobalSection
	GlobalSection(ProjectConfigurationPlatforms) = postSolution
		{DF102238-DD9C-4EBB-A70C-35F46AA3E6BD}.Debug|Any CPU.ActiveCfg = Debug|Any CPU
		{DF102238-DD9C-4EBB-A70C-35F46AA3E6BD}.Debug|Any CPU.Build.0 = Debug|Any CPU
		{DF102238-DD9C-4EBB-A70C-35F46AA3E6BD}.Release|Any CPU.ActiveCfg = Release|Any CPU
		{DF102238-DD9C-4EBB-A70C-35F46AA3E6BD}.Release|Any CPU.Build.0 = Release|Any CPU
		{2B1F451E-B96F-47E6-8FC5-982F368D0188}.Debug|Any CPU.ActiveCfg = Debug|Any CPU
		{2B1F451E-B96F-47E6-8FC5-982F368D0188}.Debug|Any CPU.Build.0 = Debug|Any CPU
		{2B1F451E-B96F-47E6-8FC5-982F368D0188}.Release|Any CPU.ActiveCfg = Release|Any CPU
		{2B1F451E-B96F-47E6-8FC5-982F368D0188}.Release|Any CPU.Build.0 = Release|Any CPU
		{01C6CEA3-A29E-4F91-B248-2F34AF836AC6}.Debug|Any CPU.ActiveCfg = Debug|Any CPU
		{01C6CEA3-A29E-4F91-B248-2F34AF836AC6}.Debug|Any CPU.Build.0 = Debug|Any CPU
		{01C6CEA3-A29E-4F91-B248-2F34AF836AC6}.Release|Any CPU.ActiveCfg = Release|Any CPU
		{01C6CEA3-A29E-4F91-B248-2F34AF836AC6}.Release|Any CPU.Build.0 = Release|Any CPU
		{D4B2E973-E7F5-402D-B35A-3C1EE34C5163}.Debug|Any CPU.ActiveCfg = Debug|Any CPU
		{D4B2E973-E7F5-402D-B35A-3C1EE34C5163}.Debug|Any CPU.Build.0 = Debug|Any CPU
		{D4B2E973-E7F5-402D-B35A-3C1EE34C5163}.Release|Any CPU.ActiveCfg = Release|Any CPU
		{D4B2E973-E7F5-402D-B35A-3C1EE34C5163}.Release|Any CPU.Build.0 = Release|Any CPU
		{D91A4972-0298-4099-8EE4-E23FF3BD86BB}.Debug|Any CPU.ActiveCfg = Debug|Any CPU
		{D91A4972-0298-4099-8EE4-E23FF3BD86BB}.Debug|Any CPU.Build.0 = Debug|Any CPU
		{D91A4972-0298-4099-8EE4-E23FF3BD86BB}.Release|Any CPU.ActiveCfg = Release|Any CPU
		{D91A4972-0298-4099-8EE4-E23FF3BD86BB}.Release|Any CPU.Build.0 = Release|Any CPU
		{54E96A27-2A22-4897-A04A-194F8DB36ECF}.Debug|Any CPU.ActiveCfg = Debug|Any CPU
		{54E96A27-2A22-4897-A04A-194F8DB36ECF}.Debug|Any CPU.Build.0 = Debug|Any CPU
		{54E96A27-2A22-4897-A04A-194F8DB36ECF}.Release|Any CPU.ActiveCfg = Release|Any CPU
		{54E96A27-2A22-4897-A04A-194F8DB36ECF}.Release|Any CPU.Build.0 = Release|Any CPU
	EndGlobalSection
	GlobalSection(SolutionProperties) = preSolution
		HideSolutionNode = FALSE
	EndGlobalSection
EndGlobal
